// !$*UTF8*$!
{
	archiveVersion = 1;
	classes = {
	};
	objectVersion = 56;
	objects = {

/* Begin PBXBuildFile section */
		2A54A0FC2A54B54F0066B5C4 /* MainApp.swift in Sources */ = {isa = PBXBuildFile; fileRef = 2A54A0FB2A54B54F0066B5C4 /* MainApp.swift */; };
		2A54A0FE2A54B54F0066B5C4 /* ContentView.swift in Sources */ = {isa = PBXBuildFile; fileRef = 2A54A0FD2A54B54F0066B5C4 /* ContentView.swift */; };
		2A54A1002A54B5500066B5C4 /* Assets.xcassets in Resources */ = {isa = PBXBuildFile; fileRef = 2A54A0FF2A54B5500066B5C4 /* Assets.xcassets */; };
		2A54A1042A54B5500066B5C4 /* Preview Assets.xcassets in Resources */ = {isa = PBXBuildFile; fileRef = 2A54A1032A54B5500066B5C4 /* Preview Assets.xcassets */; };
		2A54A10E2A54B5500066B5C4 /* projectPTests.swift in Sources */ = {isa = PBXBuildFile; fileRef = 2A54A10D2A54B5500066B5C4 /* projectPTests.swift */; };
		2A54A1182A54B5500066B5C4 /* projectPUITests.swift in Sources */ = {isa = PBXBuildFile; fileRef = 2A54A1172A54B5500066B5C4 /* projectPUITests.swift */; };
		2A54A11A2A54B5500066B5C4 /* projectPUITestsLaunchTests.swift in Sources */ = {isa = PBXBuildFile; fileRef = 2A54A1192A54B5500066B5C4 /* projectPUITestsLaunchTests.swift */; };
		2A54A1282A54B5FF0066B5C4 /* Card.swift in Sources */ = {isa = PBXBuildFile; fileRef = 2A54A1272A54B5FF0066B5C4 /* Card.swift */; };
		2A54A12B2A54B6380066B5C4 /* DeckComputeTests.swift in Sources */ = {isa = PBXBuildFile; fileRef = 2A54A12A2A54B6380066B5C4 /* DeckComputeTests.swift */; };
		2A54A12D2A55046C0066B5C4 /* Deck.swift in Sources */ = {isa = PBXBuildFile; fileRef = 2A54A12C2A55046C0066B5C4 /* Deck.swift */; };
		2A54A12F2A55122F0066B5C4 /* CardTests.swift in Sources */ = {isa = PBXBuildFile; fileRef = 2A54A12E2A55122F0066B5C4 /* CardTests.swift */; };
		2AA2727F2A576BE600AD696C /* DeckHandTests.swift in Sources */ = {isa = PBXBuildFile; fileRef = 2AA2727E2A576BE600AD696C /* DeckHandTests.swift */; };
/* End PBXBuildFile section */

/* Begin PBXContainerItemProxy section */
		2A54A10A2A54B5500066B5C4 /* PBXContainerItemProxy */ = {
			isa = PBXContainerItemProxy;
			containerPortal = 2A54A0F02A54B54F0066B5C4 /* Project object */;
			proxyType = 1;
			remoteGlobalIDString = 2A54A0F72A54B54F0066B5C4;
			remoteInfo = projectP;
		};
		2A54A1142A54B5500066B5C4 /* PBXContainerItemProxy */ = {
			isa = PBXContainerItemProxy;
			containerPortal = 2A54A0F02A54B54F0066B5C4 /* Project object */;
			proxyType = 1;
			remoteGlobalIDString = 2A54A0F72A54B54F0066B5C4;
			remoteInfo = projectP;
		};
/* End PBXContainerItemProxy section */

/* Begin PBXFileReference section */
		2A004B8B2A566C1600FF37F4 /* projectPTests.xctestplan */ = {isa = PBXFileReference; lastKnownFileType = text; path = projectPTests.xctestplan; sourceTree = "<group>"; };
		2A54A0F82A54B54F0066B5C4 /* projectP.app */ = {isa = PBXFileReference; explicitFileType = wrapper.application; includeInIndex = 0; path = projectP.app; sourceTree = BUILT_PRODUCTS_DIR; };
		2A54A0FB2A54B54F0066B5C4 /* MainApp.swift */ = {isa = PBXFileReference; lastKnownFileType = sourcecode.swift; path = MainApp.swift; sourceTree = "<group>"; };
		2A54A0FD2A54B54F0066B5C4 /* ContentView.swift */ = {isa = PBXFileReference; lastKnownFileType = sourcecode.swift; path = ContentView.swift; sourceTree = "<group>"; };
		2A54A0FF2A54B5500066B5C4 /* Assets.xcassets */ = {isa = PBXFileReference; lastKnownFileType = folder.assetcatalog; path = Assets.xcassets; sourceTree = "<group>"; };
		2A54A1012A54B5500066B5C4 /* projectP.entitlements */ = {isa = PBXFileReference; lastKnownFileType = text.plist.entitlements; path = projectP.entitlements; sourceTree = "<group>"; };
		2A54A1032A54B5500066B5C4 /* Preview Assets.xcassets */ = {isa = PBXFileReference; lastKnownFileType = folder.assetcatalog; path = "Preview Assets.xcassets"; sourceTree = "<group>"; };
		2A54A1092A54B5500066B5C4 /* projectPTests.xctest */ = {isa = PBXFileReference; explicitFileType = wrapper.cfbundle; includeInIndex = 0; path = projectPTests.xctest; sourceTree = BUILT_PRODUCTS_DIR; };
		2A54A10D2A54B5500066B5C4 /* projectPTests.swift */ = {isa = PBXFileReference; lastKnownFileType = sourcecode.swift; path = projectPTests.swift; sourceTree = "<group>"; };
		2A54A1132A54B5500066B5C4 /* projectPUITests.xctest */ = {isa = PBXFileReference; explicitFileType = wrapper.cfbundle; includeInIndex = 0; path = projectPUITests.xctest; sourceTree = BUILT_PRODUCTS_DIR; };
		2A54A1172A54B5500066B5C4 /* projectPUITests.swift */ = {isa = PBXFileReference; lastKnownFileType = sourcecode.swift; path = projectPUITests.swift; sourceTree = "<group>"; };
		2A54A1192A54B5500066B5C4 /* projectPUITestsLaunchTests.swift */ = {isa = PBXFileReference; lastKnownFileType = sourcecode.swift; path = projectPUITestsLaunchTests.swift; sourceTree = "<group>"; };
		2A54A1272A54B5FF0066B5C4 /* Card.swift */ = {isa = PBXFileReference; lastKnownFileType = sourcecode.swift; path = Card.swift; sourceTree = "<group>"; };
		2A54A12A2A54B6380066B5C4 /* DeckComputeTests.swift */ = {isa = PBXFileReference; lastKnownFileType = sourcecode.swift; path = DeckComputeTests.swift; sourceTree = "<group>"; };
		2A54A12C2A55046C0066B5C4 /* Deck.swift */ = {isa = PBXFileReference; lastKnownFileType = sourcecode.swift; path = Deck.swift; sourceTree = "<group>"; wrapsLines = 0; };
		2A54A12E2A55122F0066B5C4 /* CardTests.swift */ = {isa = PBXFileReference; lastKnownFileType = sourcecode.swift; path = CardTests.swift; sourceTree = "<group>"; };
		2AA2727E2A576BE600AD696C /* DeckHandTests.swift */ = {isa = PBXFileReference; lastKnownFileType = sourcecode.swift; path = DeckHandTests.swift; sourceTree = "<group>"; };
/* End PBXFileReference section */

/* Begin PBXFrameworksBuildPhase section */
		2A54A0F52A54B54F0066B5C4 /* Frameworks */ = {
			isa = PBXFrameworksBuildPhase;
			buildActionMask = 2147483647;
			files = (
			);
			runOnlyForDeploymentPostprocessing = 0;
		};
		2A54A1062A54B5500066B5C4 /* Frameworks */ = {
			isa = PBXFrameworksBuildPhase;
			buildActionMask = 2147483647;
			files = (
			);
			runOnlyForDeploymentPostprocessing = 0;
		};
		2A54A1102A54B5500066B5C4 /* Frameworks */ = {
			isa = PBXFrameworksBuildPhase;
			buildActionMask = 2147483647;
			files = (
			);
			runOnlyForDeploymentPostprocessing = 0;
		};
/* End PBXFrameworksBuildPhase section */

/* Begin PBXGroup section */
		2A54A0EF2A54B54F0066B5C4 = {
			isa = PBXGroup;
			children = (
				2A54A0FA2A54B54F0066B5C4 /* projectP */,
				2A54A10C2A54B5500066B5C4 /* projectPTests */,
				2A54A1162A54B5500066B5C4 /* projectPUITests */,
				2A54A0F92A54B54F0066B5C4 /* Products */,
			);
			sourceTree = "<group>";
		};
		2A54A0F92A54B54F0066B5C4 /* Products */ = {
			isa = PBXGroup;
			children = (
				2A54A0F82A54B54F0066B5C4 /* projectP.app */,
				2A54A1092A54B5500066B5C4 /* projectPTests.xctest */,
				2A54A1132A54B5500066B5C4 /* projectPUITests.xctest */,
			);
			name = Products;
			sourceTree = "<group>";
		};
		2A54A0FA2A54B54F0066B5C4 /* projectP */ = {
			isa = PBXGroup;
			children = (
				2A54A1262A54B5EE0066B5C4 /* Domain */,
				2A54A0FB2A54B54F0066B5C4 /* MainApp.swift */,
				2A54A0FD2A54B54F0066B5C4 /* ContentView.swift */,
				2A54A0FF2A54B5500066B5C4 /* Assets.xcassets */,
				2A54A1012A54B5500066B5C4 /* projectP.entitlements */,
				2A54A1022A54B5500066B5C4 /* Preview Content */,
			);
			path = projectP;
			sourceTree = "<group>";
		};
		2A54A1022A54B5500066B5C4 /* Preview Content */ = {
			isa = PBXGroup;
			children = (
				2A54A1032A54B5500066B5C4 /* Preview Assets.xcassets */,
			);
			path = "Preview Content";
			sourceTree = "<group>";
		};
		2A54A10C2A54B5500066B5C4 /* projectPTests */ = {
			isa = PBXGroup;
			children = (
				2A004B8B2A566C1600FF37F4 /* projectPTests.xctestplan */,
				2A54A1292A54B61F0066B5C4 /* Domain */,
				2A54A10D2A54B5500066B5C4 /* projectPTests.swift */,
			);
			path = projectPTests;
			sourceTree = "<group>";
		};
		2A54A1162A54B5500066B5C4 /* projectPUITests */ = {
			isa = PBXGroup;
			children = (
				2A54A1172A54B5500066B5C4 /* projectPUITests.swift */,
				2A54A1192A54B5500066B5C4 /* projectPUITestsLaunchTests.swift */,
			);
			path = projectPUITests;
			sourceTree = "<group>";
		};
		2A54A1262A54B5EE0066B5C4 /* Domain */ = {
			isa = PBXGroup;
			children = (
				2A54A1272A54B5FF0066B5C4 /* Card.swift */,
				2A54A12C2A55046C0066B5C4 /* Deck.swift */,
			);
			path = Domain;
			sourceTree = "<group>";
		};
		2A54A1292A54B61F0066B5C4 /* Domain */ = {
			isa = PBXGroup;
			children = (
				2A54A12E2A55122F0066B5C4 /* CardTests.swift */,
				2A54A12A2A54B6380066B5C4 /* DeckComputeTests.swift */,
				2AA2727E2A576BE600AD696C /* DeckHandTests.swift */,
			);
			path = Domain;
			sourceTree = "<group>";
		};
/* End PBXGroup section */

/* Begin PBXNativeTarget section */
		2A54A0F72A54B54F0066B5C4 /* projectP */ = {
			isa = PBXNativeTarget;
			buildConfigurationList = 2A54A11D2A54B5500066B5C4 /* Build configuration list for PBXNativeTarget "projectP" */;
			buildPhases = (
				2A54A0F42A54B54F0066B5C4 /* Sources */,
				2A54A0F52A54B54F0066B5C4 /* Frameworks */,
				2A54A0F62A54B54F0066B5C4 /* Resources */,
			);
			buildRules = (
			);
			dependencies = (
			);
			name = projectP;
			productName = projectP;
			productReference = 2A54A0F82A54B54F0066B5C4 /* projectP.app */;
			productType = "com.apple.product-type.application";
		};
		2A54A1082A54B5500066B5C4 /* projectPTests */ = {
			isa = PBXNativeTarget;
			buildConfigurationList = 2A54A1202A54B5500066B5C4 /* Build configuration list for PBXNativeTarget "projectPTests" */;
			buildPhases = (
				2A54A1052A54B5500066B5C4 /* Sources */,
				2A54A1062A54B5500066B5C4 /* Frameworks */,
				2A54A1072A54B5500066B5C4 /* Resources */,
			);
			buildRules = (
			);
			dependencies = (
				2A54A10B2A54B5500066B5C4 /* PBXTargetDependency */,
			);
			name = projectPTests;
			productName = projectPTests;
			productReference = 2A54A1092A54B5500066B5C4 /* projectPTests.xctest */;
			productType = "com.apple.product-type.bundle.unit-test";
		};
		2A54A1122A54B5500066B5C4 /* projectPUITests */ = {
			isa = PBXNativeTarget;
			buildConfigurationList = 2A54A1232A54B5500066B5C4 /* Build configuration list for PBXNativeTarget "projectPUITests" */;
			buildPhases = (
				2A54A10F2A54B5500066B5C4 /* Sources */,
				2A54A1102A54B5500066B5C4 /* Frameworks */,
				2A54A1112A54B5500066B5C4 /* Resources */,
			);
			buildRules = (
			);
			dependencies = (
				2A54A1152A54B5500066B5C4 /* PBXTargetDependency */,
			);
			name = projectPUITests;
			productName = projectPUITests;
			productReference = 2A54A1132A54B5500066B5C4 /* projectPUITests.xctest */;
			productType = "com.apple.product-type.bundle.ui-testing";
		};
/* End PBXNativeTarget section */

/* Begin PBXProject section */
		2A54A0F02A54B54F0066B5C4 /* Project object */ = {
			isa = PBXProject;
			attributes = {
				BuildIndependentTargetsInParallel = 1;
				LastSwiftUpdateCheck = 1430;
				LastUpgradeCheck = 1430;
				TargetAttributes = {
					2A54A0F72A54B54F0066B5C4 = {
						CreatedOnToolsVersion = 14.3.1;
					};
					2A54A1082A54B5500066B5C4 = {
						CreatedOnToolsVersion = 14.3.1;
						TestTargetID = 2A54A0F72A54B54F0066B5C4;
					};
					2A54A1122A54B5500066B5C4 = {
						CreatedOnToolsVersion = 14.3.1;
						TestTargetID = 2A54A0F72A54B54F0066B5C4;
					};
				};
			};
			buildConfigurationList = 2A54A0F32A54B54F0066B5C4 /* Build configuration list for PBXProject "projectP" */;
			compatibilityVersion = "Xcode 14.0";
			developmentRegion = en;
			hasScannedForEncodings = 0;
			knownRegions = (
				en,
				Base,
			);
			mainGroup = 2A54A0EF2A54B54F0066B5C4;
			productRefGroup = 2A54A0F92A54B54F0066B5C4 /* Products */;
			projectDirPath = "";
			projectRoot = "";
			targets = (
				2A54A0F72A54B54F0066B5C4 /* projectP */,
				2A54A1082A54B5500066B5C4 /* projectPTests */,
				2A54A1122A54B5500066B5C4 /* projectPUITests */,
			);
		};
/* End PBXProject section */

/* Begin PBXResourcesBuildPhase section */
		2A54A0F62A54B54F0066B5C4 /* Resources */ = {
			isa = PBXResourcesBuildPhase;
			buildActionMask = 2147483647;
			files = (
				2A54A1042A54B5500066B5C4 /* Preview Assets.xcassets in Resources */,
				2A54A1002A54B5500066B5C4 /* Assets.xcassets in Resources */,
			);
			runOnlyForDeploymentPostprocessing = 0;
		};
		2A54A1072A54B5500066B5C4 /* Resources */ = {
			isa = PBXResourcesBuildPhase;
			buildActionMask = 2147483647;
			files = (
			);
			runOnlyForDeploymentPostprocessing = 0;
		};
		2A54A1112A54B5500066B5C4 /* Resources */ = {
			isa = PBXResourcesBuildPhase;
			buildActionMask = 2147483647;
			files = (
			);
			runOnlyForDeploymentPostprocessing = 0;
		};
/* End PBXResourcesBuildPhase section */

/* Begin PBXSourcesBuildPhase section */
		2A54A0F42A54B54F0066B5C4 /* Sources */ = {
			isa = PBXSourcesBuildPhase;
			buildActionMask = 2147483647;
			files = (
				2A54A12D2A55046C0066B5C4 /* Deck.swift in Sources */,
				2A54A0FE2A54B54F0066B5C4 /* ContentView.swift in Sources */,
				2A54A1282A54B5FF0066B5C4 /* Card.swift in Sources */,
				2A54A0FC2A54B54F0066B5C4 /* MainApp.swift in Sources */,
			);
			runOnlyForDeploymentPostprocessing = 0;
		};
		2A54A1052A54B5500066B5C4 /* Sources */ = {
			isa = PBXSourcesBuildPhase;
			buildActionMask = 2147483647;
			files = (
				2A54A12F2A55122F0066B5C4 /* CardTests.swift in Sources */,
				2A54A10E2A54B5500066B5C4 /* projectPTests.swift in Sources */,
				2A54A12B2A54B6380066B5C4 /* DeckComputeTests.swift in Sources */,
				2AA2727F2A576BE600AD696C /* DeckHandTests.swift in Sources */,
			);
			runOnlyForDeploymentPostprocessing = 0;
		};
		2A54A10F2A54B5500066B5C4 /* Sources */ = {
			isa = PBXSourcesBuildPhase;
			buildActionMask = 2147483647;
			files = (
				2A54A11A2A54B5500066B5C4 /* projectPUITestsLaunchTests.swift in Sources */,
				2A54A1182A54B5500066B5C4 /* projectPUITests.swift in Sources */,
			);
			runOnlyForDeploymentPostprocessing = 0;
		};
/* End PBXSourcesBuildPhase section */

/* Begin PBXTargetDependency section */
		2A54A10B2A54B5500066B5C4 /* PBXTargetDependency */ = {
			isa = PBXTargetDependency;
			target = 2A54A0F72A54B54F0066B5C4 /* projectP */;
			targetProxy = 2A54A10A2A54B5500066B5C4 /* PBXContainerItemProxy */;
		};
		2A54A1152A54B5500066B5C4 /* PBXTargetDependency */ = {
			isa = PBXTargetDependency;
			target = 2A54A0F72A54B54F0066B5C4 /* projectP */;
			targetProxy = 2A54A1142A54B5500066B5C4 /* PBXContainerItemProxy */;
		};
/* End PBXTargetDependency section */

/* Begin XCBuildConfiguration section */
		2A54A11B2A54B5500066B5C4 /* Debug */ = {
			isa = XCBuildConfiguration;
			buildSettings = {
				ALWAYS_SEARCH_USER_PATHS = NO;
				CLANG_ANALYZER_NONNULL = YES;
				CLANG_ANALYZER_NUMBER_OBJECT_CONVERSION = YES_AGGRESSIVE;
				CLANG_CXX_LANGUAGE_STANDARD = "gnu++20";
				CLANG_ENABLE_MODULES = YES;
				CLANG_ENABLE_OBJC_ARC = YES;
				CLANG_ENABLE_OBJC_WEAK = YES;
				CLANG_WARN_BLOCK_CAPTURE_AUTORELEASING = YES;
				CLANG_WARN_BOOL_CONVERSION = YES;
				CLANG_WARN_COMMA = YES;
				CLANG_WARN_CONSTANT_CONVERSION = YES;
				CLANG_WARN_DEPRECATED_OBJC_IMPLEMENTATIONS = YES;
				CLANG_WARN_DIRECT_OBJC_ISA_USAGE = YES_ERROR;
				CLANG_WARN_DOCUMENTATION_COMMENTS = YES;
				CLANG_WARN_EMPTY_BODY = YES;
				CLANG_WARN_ENUM_CONVERSION = YES;
				CLANG_WARN_INFINITE_RECURSION = YES;
				CLANG_WARN_INT_CONVERSION = YES;
				CLANG_WARN_NON_LITERAL_NULL_CONVERSION = YES;
				CLANG_WARN_OBJC_IMPLICIT_RETAIN_SELF = YES;
				CLANG_WARN_OBJC_LITERAL_CONVERSION = YES;
				CLANG_WARN_OBJC_ROOT_CLASS = YES_ERROR;
				CLANG_WARN_QUOTED_INCLUDE_IN_FRAMEWORK_HEADER = YES;
				CLANG_WARN_RANGE_LOOP_ANALYSIS = YES;
				CLANG_WARN_STRICT_PROTOTYPES = YES;
				CLANG_WARN_SUSPICIOUS_MOVE = YES;
				CLANG_WARN_UNGUARDED_AVAILABILITY = YES_AGGRESSIVE;
				CLANG_WARN_UNREACHABLE_CODE = YES;
				CLANG_WARN__DUPLICATE_METHOD_MATCH = YES;
				COPY_PHASE_STRIP = NO;
				DEBUG_INFORMATION_FORMAT = dwarf;
				ENABLE_STRICT_OBJC_MSGSEND = YES;
				ENABLE_TESTABILITY = YES;
				GCC_C_LANGUAGE_STANDARD = gnu11;
				GCC_DYNAMIC_NO_PIC = NO;
				GCC_NO_COMMON_BLOCKS = YES;
				GCC_OPTIMIZATION_LEVEL = 0;
				GCC_PREPROCESSOR_DEFINITIONS = (
					"DEBUG=1",
					"$(inherited)",
				);
				GCC_WARN_64_TO_32_BIT_CONVERSION = YES;
				GCC_WARN_ABOUT_RETURN_TYPE = YES_ERROR;
				GCC_WARN_UNDECLARED_SELECTOR = YES;
				GCC_WARN_UNINITIALIZED_AUTOS = YES_AGGRESSIVE;
				GCC_WARN_UNUSED_FUNCTION = YES;
				GCC_WARN_UNUSED_VARIABLE = YES;
				MTL_ENABLE_DEBUG_INFO = INCLUDE_SOURCE;
				MTL_FAST_MATH = YES;
				ONLY_ACTIVE_ARCH = YES;
				SWIFT_ACTIVE_COMPILATION_CONDITIONS = DEBUG;
				SWIFT_OPTIMIZATION_LEVEL = "-Onone";
			};
			name = Debug;
		};
		2A54A11C2A54B5500066B5C4 /* Release */ = {
			isa = XCBuildConfiguration;
			buildSettings = {
				ALWAYS_SEARCH_USER_PATHS = NO;
				CLANG_ANALYZER_NONNULL = YES;
				CLANG_ANALYZER_NUMBER_OBJECT_CONVERSION = YES_AGGRESSIVE;
				CLANG_CXX_LANGUAGE_STANDARD = "gnu++20";
				CLANG_ENABLE_MODULES = YES;
				CLANG_ENABLE_OBJC_ARC = YES;
				CLANG_ENABLE_OBJC_WEAK = YES;
				CLANG_WARN_BLOCK_CAPTURE_AUTORELEASING = YES;
				CLANG_WARN_BOOL_CONVERSION = YES;
				CLANG_WARN_COMMA = YES;
				CLANG_WARN_CONSTANT_CONVERSION = YES;
				CLANG_WARN_DEPRECATED_OBJC_IMPLEMENTATIONS = YES;
				CLANG_WARN_DIRECT_OBJC_ISA_USAGE = YES_ERROR;
				CLANG_WARN_DOCUMENTATION_COMMENTS = YES;
				CLANG_WARN_EMPTY_BODY = YES;
				CLANG_WARN_ENUM_CONVERSION = YES;
				CLANG_WARN_INFINITE_RECURSION = YES;
				CLANG_WARN_INT_CONVERSION = YES;
				CLANG_WARN_NON_LITERAL_NULL_CONVERSION = YES;
				CLANG_WARN_OBJC_IMPLICIT_RETAIN_SELF = YES;
				CLANG_WARN_OBJC_LITERAL_CONVERSION = YES;
				CLANG_WARN_OBJC_ROOT_CLASS = YES_ERROR;
				CLANG_WARN_QUOTED_INCLUDE_IN_FRAMEWORK_HEADER = YES;
				CLANG_WARN_RANGE_LOOP_ANALYSIS = YES;
				CLANG_WARN_STRICT_PROTOTYPES = YES;
				CLANG_WARN_SUSPICIOUS_MOVE = YES;
				CLANG_WARN_UNGUARDED_AVAILABILITY = YES_AGGRESSIVE;
				CLANG_WARN_UNREACHABLE_CODE = YES;
				CLANG_WARN__DUPLICATE_METHOD_MATCH = YES;
				COPY_PHASE_STRIP = NO;
				DEBUG_INFORMATION_FORMAT = "dwarf-with-dsym";
				ENABLE_NS_ASSERTIONS = NO;
				ENABLE_STRICT_OBJC_MSGSEND = YES;
				GCC_C_LANGUAGE_STANDARD = gnu11;
				GCC_NO_COMMON_BLOCKS = YES;
				GCC_WARN_64_TO_32_BIT_CONVERSION = YES;
				GCC_WARN_ABOUT_RETURN_TYPE = YES_ERROR;
				GCC_WARN_UNDECLARED_SELECTOR = YES;
				GCC_WARN_UNINITIALIZED_AUTOS = YES_AGGRESSIVE;
				GCC_WARN_UNUSED_FUNCTION = YES;
				GCC_WARN_UNUSED_VARIABLE = YES;
				MTL_ENABLE_DEBUG_INFO = NO;
				MTL_FAST_MATH = YES;
				SWIFT_COMPILATION_MODE = wholemodule;
				SWIFT_OPTIMIZATION_LEVEL = "-O";
			};
			name = Release;
		};
		2A54A11E2A54B5500066B5C4 /* Debug */ = {
			isa = XCBuildConfiguration;
			buildSettings = {
				ASSETCATALOG_COMPILER_APPICON_NAME = AppIcon;
				ASSETCATALOG_COMPILER_GLOBAL_ACCENT_COLOR_NAME = AccentColor;
				CODE_SIGN_ENTITLEMENTS = projectP/projectP.entitlements;
				CODE_SIGN_STYLE = Automatic;
				CURRENT_PROJECT_VERSION = 1;
				DEVELOPMENT_ASSET_PATHS = "\"projectP/Preview Content\"";
				DEVELOPMENT_TEAM = GLB476Z655;
				ENABLE_HARDENED_RUNTIME = YES;
				ENABLE_PREVIEWS = YES;
				GENERATE_INFOPLIST_FILE = YES;
				INFOPLIST_KEY_LSApplicationCategoryType = "public.app-category.card-games";
				"INFOPLIST_KEY_UIApplicationSceneManifest_Generation[sdk=iphoneos*]" = YES;
				"INFOPLIST_KEY_UIApplicationSceneManifest_Generation[sdk=iphonesimulator*]" = YES;
				"INFOPLIST_KEY_UIApplicationSupportsIndirectInputEvents[sdk=iphoneos*]" = YES;
				"INFOPLIST_KEY_UIApplicationSupportsIndirectInputEvents[sdk=iphonesimulator*]" = YES;
				"INFOPLIST_KEY_UILaunchScreen_Generation[sdk=iphoneos*]" = YES;
				"INFOPLIST_KEY_UILaunchScreen_Generation[sdk=iphonesimulator*]" = YES;
				"INFOPLIST_KEY_UIStatusBarStyle[sdk=iphoneos*]" = UIStatusBarStyleDefault;
				"INFOPLIST_KEY_UIStatusBarStyle[sdk=iphonesimulator*]" = UIStatusBarStyleDefault;
				INFOPLIST_KEY_UISupportedInterfaceOrientations_iPad = "UIInterfaceOrientationPortrait UIInterfaceOrientationPortraitUpsideDown UIInterfaceOrientationLandscapeLeft UIInterfaceOrientationLandscapeRight";
				INFOPLIST_KEY_UISupportedInterfaceOrientations_iPhone = "UIInterfaceOrientationPortrait UIInterfaceOrientationLandscapeLeft UIInterfaceOrientationLandscapeRight";
				IPHONEOS_DEPLOYMENT_TARGET = 16.4;
				LD_RUNPATH_SEARCH_PATHS = "@executable_path/Frameworks";
				"LD_RUNPATH_SEARCH_PATHS[sdk=macosx*]" = "@executable_path/../Frameworks";
				MACOSX_DEPLOYMENT_TARGET = 13.3;
				MARKETING_VERSION = 1.0;
				PRODUCT_BUNDLE_IDENTIFIER = com.outrowender.projectP;
				PRODUCT_NAME = "$(TARGET_NAME)";
				SDKROOT = auto;
				SUPPORTED_PLATFORMS = "iphoneos iphonesimulator macosx";
				SWIFT_EMIT_LOC_STRINGS = YES;
				SWIFT_VERSION = 5.0;
				TARGETED_DEVICE_FAMILY = "1,2";
			};
			name = Debug;
		};
		2A54A11F2A54B5500066B5C4 /* Release */ = {
			isa = XCBuildConfiguration;
			buildSettings = {
				ASSETCATALOG_COMPILER_APPICON_NAME = AppIcon;
				ASSETCATALOG_COMPILER_GLOBAL_ACCENT_COLOR_NAME = AccentColor;
				CODE_SIGN_ENTITLEMENTS = projectP/projectP.entitlements;
				CODE_SIGN_STYLE = Automatic;
				CURRENT_PROJECT_VERSION = 1;
				DEVELOPMENT_ASSET_PATHS = "\"projectP/Preview Content\"";
				DEVELOPMENT_TEAM = GLB476Z655;
				ENABLE_HARDENED_RUNTIME = YES;
				ENABLE_PREVIEWS = YES;
				GENERATE_INFOPLIST_FILE = YES;
				INFOPLIST_KEY_LSApplicationCategoryType = "public.app-category.card-games";
				"INFOPLIST_KEY_UIApplicationSceneManifest_Generation[sdk=iphoneos*]" = YES;
				"INFOPLIST_KEY_UIApplicationSceneManifest_Generation[sdk=iphonesimulator*]" = YES;
				"INFOPLIST_KEY_UIApplicationSupportsIndirectInputEvents[sdk=iphoneos*]" = YES;
				"INFOPLIST_KEY_UIApplicationSupportsIndirectInputEvents[sdk=iphonesimulator*]" = YES;
				"INFOPLIST_KEY_UILaunchScreen_Generation[sdk=iphoneos*]" = YES;
				"INFOPLIST_KEY_UILaunchScreen_Generation[sdk=iphonesimulator*]" = YES;
				"INFOPLIST_KEY_UIStatusBarStyle[sdk=iphoneos*]" = UIStatusBarStyleDefault;
				"INFOPLIST_KEY_UIStatusBarStyle[sdk=iphonesimulator*]" = UIStatusBarStyleDefault;
				INFOPLIST_KEY_UISupportedInterfaceOrientations_iPad = "UIInterfaceOrientationPortrait UIInterfaceOrientationPortraitUpsideDown UIInterfaceOrientationLandscapeLeft UIInterfaceOrientationLandscapeRight";
				INFOPLIST_KEY_UISupportedInterfaceOrientations_iPhone = "UIInterfaceOrientationPortrait UIInterfaceOrientationLandscapeLeft UIInterfaceOrientationLandscapeRight";
				IPHONEOS_DEPLOYMENT_TARGET = 16.4;
				LD_RUNPATH_SEARCH_PATHS = "@executable_path/Frameworks";
				"LD_RUNPATH_SEARCH_PATHS[sdk=macosx*]" = "@executable_path/../Frameworks";
				MACOSX_DEPLOYMENT_TARGET = 13.3;
				MARKETING_VERSION = 1.0;
				PRODUCT_BUNDLE_IDENTIFIER = com.outrowender.projectP;
				PRODUCT_NAME = "$(TARGET_NAME)";
				SDKROOT = auto;
				SUPPORTED_PLATFORMS = "iphoneos iphonesimulator macosx";
				SWIFT_EMIT_LOC_STRINGS = YES;
				SWIFT_VERSION = 5.0;
				TARGETED_DEVICE_FAMILY = "1,2";
			};
			name = Release;
		};
		2A54A1212A54B5500066B5C4 /* Debug */ = {
			isa = XCBuildConfiguration;
			buildSettings = {
				ALWAYS_EMBED_SWIFT_STANDARD_LIBRARIES = YES;
				BUNDLE_LOADER = "$(TEST_HOST)";
				CODE_SIGN_STYLE = Automatic;
				CURRENT_PROJECT_VERSION = 1;
				DEVELOPMENT_TEAM = GLB476Z655;
				GENERATE_INFOPLIST_FILE = YES;
				IPHONEOS_DEPLOYMENT_TARGET = 16.4;
				MACOSX_DEPLOYMENT_TARGET = 13.3;
				MARKETING_VERSION = 1.0;
				PRODUCT_BUNDLE_IDENTIFIER = com.outrowender.projectPTests;
				PRODUCT_NAME = "$(TARGET_NAME)";
				SDKROOT = auto;
				SUPPORTED_PLATFORMS = "iphoneos iphonesimulator macosx";
				SWIFT_EMIT_LOC_STRINGS = NO;
				SWIFT_VERSION = 5.0;
				TARGETED_DEVICE_FAMILY = "1,2";
				TEST_HOST = "$(BUILT_PRODUCTS_DIR)/projectP.app/$(BUNDLE_EXECUTABLE_FOLDER_PATH)/projectP";
			};
			name = Debug;
		};
		2A54A1222A54B5500066B5C4 /* Release */ = {
			isa = XCBuildConfiguration;
			buildSettings = {
				ALWAYS_EMBED_SWIFT_STANDARD_LIBRARIES = YES;
				BUNDLE_LOADER = "$(TEST_HOST)";
				CODE_SIGN_STYLE = Automatic;
				CURRENT_PROJECT_VERSION = 1;
				DEVELOPMENT_TEAM = GLB476Z655;
				GENERATE_INFOPLIST_FILE = YES;
				IPHONEOS_DEPLOYMENT_TARGET = 16.4;
				MACOSX_DEPLOYMENT_TARGET = 13.3;
				MARKETING_VERSION = 1.0;
				PRODUCT_BUNDLE_IDENTIFIER = com.outrowender.projectPTests;
				PRODUCT_NAME = "$(TARGET_NAME)";
				SDKROOT = auto;
				SUPPORTED_PLATFORMS = "iphoneos iphonesimulator macosx";
				SWIFT_EMIT_LOC_STRINGS = NO;
				SWIFT_VERSION = 5.0;
				TARGETED_DEVICE_FAMILY = "1,2";
				TEST_HOST = "$(BUILT_PRODUCTS_DIR)/projectP.app/$(BUNDLE_EXECUTABLE_FOLDER_PATH)/projectP";
			};
			name = Release;
		};
		2A54A1242A54B5500066B5C4 /* Debug */ = {
			isa = XCBuildConfiguration;
			buildSettings = {
				ALWAYS_EMBED_SWIFT_STANDARD_LIBRARIES = YES;
				CODE_SIGN_STYLE = Automatic;
				CURRENT_PROJECT_VERSION = 1;
				DEVELOPMENT_TEAM = GLB476Z655;
				GENERATE_INFOPLIST_FILE = YES;
				IPHONEOS_DEPLOYMENT_TARGET = 16.4;
				MACOSX_DEPLOYMENT_TARGET = 13.3;
				MARKETING_VERSION = 1.0;
				PRODUCT_BUNDLE_IDENTIFIER = com.outrowender.projectPUITests;
				PRODUCT_NAME = "$(TARGET_NAME)";
				SDKROOT = auto;
				SUPPORTED_PLATFORMS = "iphoneos iphonesimulator macosx";
				SWIFT_EMIT_LOC_STRINGS = NO;
				SWIFT_VERSION = 5.0;
				TARGETED_DEVICE_FAMILY = "1,2";
				TEST_TARGET_NAME = projectP;
			};
			name = Debug;
		};
		2A54A1252A54B5500066B5C4 /* Release */ = {
			isa = XCBuildConfiguration;
			buildSettings = {
				ALWAYS_EMBED_SWIFT_STANDARD_LIBRARIES = YES;
				CODE_SIGN_STYLE = Automatic;
				CURRENT_PROJECT_VERSION = 1;
				DEVELOPMENT_TEAM = GLB476Z655;
				GENERATE_INFOPLIST_FILE = YES;
				IPHONEOS_DEPLOYMENT_TARGET = 16.4;
				MACOSX_DEPLOYMENT_TARGET = 13.3;
				MARKETING_VERSION = 1.0;
				PRODUCT_BUNDLE_IDENTIFIER = com.outrowender.projectPUITests;
				PRODUCT_NAME = "$(TARGET_NAME)";
				SDKROOT = auto;
				SUPPORTED_PLATFORMS = "iphoneos iphonesimulator macosx";
				SWIFT_EMIT_LOC_STRINGS = NO;
				SWIFT_VERSION = 5.0;
				TARGETED_DEVICE_FAMILY = "1,2";
				TEST_TARGET_NAME = projectP;
			};
			name = Release;
		};
/* End XCBuildConfiguration section */

/* Begin XCConfigurationList section */
		2A54A0F32A54B54F0066B5C4 /* Build configuration list for PBXProject "projectP" */ = {
			isa = XCConfigurationList;
			buildConfigurations = (
				2A54A11B2A54B5500066B5C4 /* Debug */,
				2A54A11C2A54B5500066B5C4 /* Release */,
			);
			defaultConfigurationIsVisible = 0;
			defaultConfigurationName = Release;
		};
		2A54A11D2A54B5500066B5C4 /* Build configuration list for PBXNativeTarget "projectP" */ = {
			isa = XCConfigurationList;
			buildConfigurations = (
				2A54A11E2A54B5500066B5C4 /* Debug */,
				2A54A11F2A54B5500066B5C4 /* Release */,
			);
			defaultConfigurationIsVisible = 0;
			defaultConfigurationName = Release;
		};
		2A54A1202A54B5500066B5C4 /* Build configuration list for PBXNativeTarget "projectPTests" */ = {
			isa = XCConfigurationList;
			buildConfigurations = (
				2A54A1212A54B5500066B5C4 /* Debug */,
				2A54A1222A54B5500066B5C4 /* Release */,
			);
			defaultConfigurationIsVisible = 0;
			defaultConfigurationName = Release;
		};
		2A54A1232A54B5500066B5C4 /* Build configuration list for PBXNativeTarget "projectPUITests" */ = {
			isa = XCConfigurationList;
			buildConfigurations = (
				2A54A1242A54B5500066B5C4 /* Debug */,
				2A54A1252A54B5500066B5C4 /* Release */,
			);
			defaultConfigurationIsVisible = 0;
			defaultConfigurationName = Release;
		};
/* End XCConfigurationList section */
	};
	rootObject = 2A54A0F02A54B54F0066B5C4 /* Project object */;
}
